// !$*UTF8*$!
{
	archiveVersion = 1;
	classes = {
	};
	objectVersion = 56;
	objects = {

/* Begin PBXBuildFile section */
		84DF36412A9C9312001EA80B /* SWapiMontekristApp.swift in Sources */ = {isa = PBXBuildFile; fileRef = 84DF36402A9C9312001EA80B /* SWapiMontekristApp.swift */; };
		84DF36432A9C9312001EA80B /* ContentView.swift in Sources */ = {isa = PBXBuildFile; fileRef = 84DF36422A9C9312001EA80B /* ContentView.swift */; };
		84DF36452A9C9314001EA80B /* Assets.xcassets in Resources */ = {isa = PBXBuildFile; fileRef = 84DF36442A9C9314001EA80B /* Assets.xcassets */; };
		84DF36482A9C9314001EA80B /* Preview Assets.xcassets in Resources */ = {isa = PBXBuildFile; fileRef = 84DF36472A9C9314001EA80B /* Preview Assets.xcassets */; };
		84DF36512A9C93E7001EA80B /* Character.swift in Sources */ = {isa = PBXBuildFile; fileRef = 84DF36502A9C93E7001EA80B /* Character.swift */; };
		84DF365B2A9CFD29001EA80B /* Home.swift in Sources */ = {isa = PBXBuildFile; fileRef = 84DF365A2A9CFD29001EA80B /* Home.swift */; };
		84DF36602A9D3184001EA80B /* HomeViewModel.swift in Sources */ = {isa = PBXBuildFile; fileRef = 84DF365F2A9D3184001EA80B /* HomeViewModel.swift */; };
		84DF36622A9F51F5001EA80B /* PickerSelection.swift in Sources */ = {isa = PBXBuildFile; fileRef = 84DF36612A9F51F5001EA80B /* PickerSelection.swift */; };
		84DF36642A9F52FC001EA80B /* SpaceShip.swift in Sources */ = {isa = PBXBuildFile; fileRef = 84DF36632A9F52FC001EA80B /* SpaceShip.swift */; };
		84DF36662A9FB877001EA80B /* Planets.swift in Sources */ = {isa = PBXBuildFile; fileRef = 84DF36652A9FB877001EA80B /* Planets.swift */; };
		84DF36682AA08573001EA80B /* PickerView.swift in Sources */ = {isa = PBXBuildFile; fileRef = 84DF36672AA08573001EA80B /* PickerView.swift */; };
		84DF366B2AA089C4001EA80B /* Realm in Frameworks */ = {isa = PBXBuildFile; productRef = 84DF366A2AA089C4001EA80B /* Realm */; };
		84DF366D2AA089C4001EA80B /* RealmSwift in Frameworks */ = {isa = PBXBuildFile; productRef = 84DF366C2AA089C4001EA80B /* RealmSwift */; };
		84DF366F2AA08A99001EA80B /* FavoritesView.swift in Sources */ = {isa = PBXBuildFile; fileRef = 84DF366E2AA08A99001EA80B /* FavoritesView.swift */; };
		84DF36732AA08AED001EA80B /* Favorite.swift in Sources */ = {isa = PBXBuildFile; fileRef = 84DF36722AA08AED001EA80B /* Favorite.swift */; };
		84DF36762AA08DAC001EA80B /* RealmManager.swift in Sources */ = {isa = PBXBuildFile; fileRef = 84DF36752AA08DAC001EA80B /* RealmManager.swift */; };
		84DF367B2AA50EF9001EA80B /* FavoritesViewModel.swift in Sources */ = {isa = PBXBuildFile; fileRef = 84DF367A2AA50EF9001EA80B /* FavoritesViewModel.swift */; };
/* End PBXBuildFile section */

/* Begin PBXFileReference section */
		84DF363D2A9C9312001EA80B /* SWapiMontekrist.app */ = {isa = PBXFileReference; explicitFileType = wrapper.application; includeInIndex = 0; path = SWapiMontekrist.app; sourceTree = BUILT_PRODUCTS_DIR; };
		84DF36402A9C9312001EA80B /* SWapiMontekristApp.swift */ = {isa = PBXFileReference; lastKnownFileType = sourcecode.swift; path = SWapiMontekristApp.swift; sourceTree = "<group>"; };
		84DF36422A9C9312001EA80B /* ContentView.swift */ = {isa = PBXFileReference; lastKnownFileType = sourcecode.swift; path = ContentView.swift; sourceTree = "<group>"; };
		84DF36442A9C9314001EA80B /* Assets.xcassets */ = {isa = PBXFileReference; lastKnownFileType = folder.assetcatalog; path = Assets.xcassets; sourceTree = "<group>"; };
		84DF36472A9C9314001EA80B /* Preview Assets.xcassets */ = {isa = PBXFileReference; lastKnownFileType = folder.assetcatalog; path = "Preview Assets.xcassets"; sourceTree = "<group>"; };
		84DF36502A9C93E7001EA80B /* Character.swift */ = {isa = PBXFileReference; lastKnownFileType = sourcecode.swift; path = Character.swift; sourceTree = "<group>"; };
		84DF365A2A9CFD29001EA80B /* Home.swift */ = {isa = PBXFileReference; lastKnownFileType = sourcecode.swift; path = Home.swift; sourceTree = "<group>"; };
		84DF365F2A9D3184001EA80B /* HomeViewModel.swift */ = {isa = PBXFileReference; lastKnownFileType = sourcecode.swift; path = HomeViewModel.swift; sourceTree = "<group>"; };
		84DF36612A9F51F5001EA80B /* PickerSelection.swift */ = {isa = PBXFileReference; lastKnownFileType = sourcecode.swift; path = PickerSelection.swift; sourceTree = "<group>"; };
		84DF36632A9F52FC001EA80B /* SpaceShip.swift */ = {isa = PBXFileReference; lastKnownFileType = sourcecode.swift; path = SpaceShip.swift; sourceTree = "<group>"; };
		84DF36652A9FB877001EA80B /* Planets.swift */ = {isa = PBXFileReference; lastKnownFileType = sourcecode.swift; path = Planets.swift; sourceTree = "<group>"; };
		84DF36672AA08573001EA80B /* PickerView.swift */ = {isa = PBXFileReference; lastKnownFileType = sourcecode.swift; path = PickerView.swift; sourceTree = "<group>"; };
		84DF366E2AA08A99001EA80B /* FavoritesView.swift */ = {isa = PBXFileReference; lastKnownFileType = sourcecode.swift; path = FavoritesView.swift; sourceTree = "<group>"; };
		84DF36722AA08AED001EA80B /* Favorite.swift */ = {isa = PBXFileReference; lastKnownFileType = sourcecode.swift; path = Favorite.swift; sourceTree = "<group>"; };
		84DF36752AA08DAC001EA80B /* RealmManager.swift */ = {isa = PBXFileReference; lastKnownFileType = sourcecode.swift; path = RealmManager.swift; sourceTree = "<group>"; };
		84DF367A2AA50EF9001EA80B /* FavoritesViewModel.swift */ = {isa = PBXFileReference; lastKnownFileType = sourcecode.swift; path = FavoritesViewModel.swift; sourceTree = "<group>"; };
/* End PBXFileReference section */

/* Begin PBXFrameworksBuildPhase section */
		84DF363A2A9C9312001EA80B /* Frameworks */ = {
			isa = PBXFrameworksBuildPhase;
			buildActionMask = 2147483647;
			files = (
				84DF366D2AA089C4001EA80B /* RealmSwift in Frameworks */,
				84DF366B2AA089C4001EA80B /* Realm in Frameworks */,
			);
			runOnlyForDeploymentPostprocessing = 0;
		};
/* End PBXFrameworksBuildPhase section */

/* Begin PBXGroup section */
		84DF36342A9C9312001EA80B = {
			isa = PBXGroup;
			children = (
				84DF363F2A9C9312001EA80B /* SWapiMontekrist */,
				84DF363E2A9C9312001EA80B /* Products */,
			);
			sourceTree = "<group>";
		};
		84DF363E2A9C9312001EA80B /* Products */ = {
			isa = PBXGroup;
			children = (
				84DF363D2A9C9312001EA80B /* SWapiMontekrist.app */,
			);
			name = Products;
			sourceTree = "<group>";
		};
		84DF363F2A9C9312001EA80B /* SWapiMontekrist */ = {
			isa = PBXGroup;
			children = (
				84DF364F2A9C93C4001EA80B /* View */,
				84DF36522A9CA06D001EA80B /* ViewModel */,
				84DF364E2A9C93BF001EA80B /* Models */,
				84DF36742AA08D9C001EA80B /* Utility */,
				84DF36402A9C9312001EA80B /* SWapiMontekristApp.swift */,
				84DF36442A9C9314001EA80B /* Assets.xcassets */,
				84DF36462A9C9314001EA80B /* Preview Content */,
			);
			path = SWapiMontekrist;
			sourceTree = "<group>";
		};
		84DF36462A9C9314001EA80B /* Preview Content */ = {
			isa = PBXGroup;
			children = (
				84DF36472A9C9314001EA80B /* Preview Assets.xcassets */,
			);
			path = "Preview Content";
			sourceTree = "<group>";
		};
		84DF364E2A9C93BF001EA80B /* Models */ = {
			isa = PBXGroup;
			children = (
				84DF36612A9F51F5001EA80B /* PickerSelection.swift */,
				84DF36502A9C93E7001EA80B /* Character.swift */,
				84DF36632A9F52FC001EA80B /* SpaceShip.swift */,
				84DF36652A9FB877001EA80B /* Planets.swift */,
				84DF36722AA08AED001EA80B /* Favorite.swift */,
			);
			path = Models;
			sourceTree = "<group>";
		};
		84DF364F2A9C93C4001EA80B /* View */ = {
			isa = PBXGroup;
			children = (
				84DF36422A9C9312001EA80B /* ContentView.swift */,
				84DF365A2A9CFD29001EA80B /* Home.swift */,
				84DF36672AA08573001EA80B /* PickerView.swift */,
				84DF366E2AA08A99001EA80B /* FavoritesView.swift */,
			);
			path = View;
			sourceTree = "<group>";
		};
		84DF36522A9CA06D001EA80B /* ViewModel */ = {
			isa = PBXGroup;
			children = (
				84DF365F2A9D3184001EA80B /* HomeViewModel.swift */,
				84DF367A2AA50EF9001EA80B /* FavoritesViewModel.swift */,
			);
			path = ViewModel;
			sourceTree = "<group>";
		};
		84DF36742AA08D9C001EA80B /* Utility */ = {
			isa = PBXGroup;
			children = (
				84DF36752AA08DAC001EA80B /* RealmManager.swift */,
			);
			path = Utility;
			sourceTree = "<group>";
		};
/* End PBXGroup section */

/* Begin PBXNativeTarget section */
		84DF363C2A9C9312001EA80B /* SWapiMontekrist */ = {
			isa = PBXNativeTarget;
			buildConfigurationList = 84DF364B2A9C9314001EA80B /* Build configuration list for PBXNativeTarget "SWapiMontekrist" */;
			buildPhases = (
				84DF36392A9C9312001EA80B /* Sources */,
				84DF363A2A9C9312001EA80B /* Frameworks */,
				84DF363B2A9C9312001EA80B /* Resources */,
			);
			buildRules = (
			);
			dependencies = (
			);
			name = SWapiMontekrist;
			packageProductDependencies = (
				84DF366A2AA089C4001EA80B /* Realm */,
				84DF366C2AA089C4001EA80B /* RealmSwift */,
			);
			productName = SWapiMontekrist;
			productReference = 84DF363D2A9C9312001EA80B /* SWapiMontekrist.app */;
			productType = "com.apple.product-type.application";
		};
/* End PBXNativeTarget section */

/* Begin PBXProject section */
		84DF36352A9C9312001EA80B /* Project object */ = {
			isa = PBXProject;
			attributes = {
				BuildIndependentTargetsInParallel = 1;
				LastSwiftUpdateCheck = 1430;
				LastUpgradeCheck = 1430;
				TargetAttributes = {
					84DF363C2A9C9312001EA80B = {
						CreatedOnToolsVersion = 14.3;
					};
				};
			};
			buildConfigurationList = 84DF36382A9C9312001EA80B /* Build configuration list for PBXProject "SWapiMontekrist" */;
			compatibilityVersion = "Xcode 14.0";
			developmentRegion = en;
			hasScannedForEncodings = 0;
			knownRegions = (
				en,
				Base,
			);
			mainGroup = 84DF36342A9C9312001EA80B;
			packageReferences = (
				84DF36692AA089C4001EA80B /* XCRemoteSwiftPackageReference "realm-swift" */,
			);
			productRefGroup = 84DF363E2A9C9312001EA80B /* Products */;
			projectDirPath = "";
			projectRoot = "";
			targets = (
				84DF363C2A9C9312001EA80B /* SWapiMontekrist */,
			);
		};
/* End PBXProject section */

/* Begin PBXResourcesBuildPhase section */
		84DF363B2A9C9312001EA80B /* Resources */ = {
			isa = PBXResourcesBuildPhase;
			buildActionMask = 2147483647;
			files = (
				84DF36482A9C9314001EA80B /* Preview Assets.xcassets in Resources */,
				84DF36452A9C9314001EA80B /* Assets.xcassets in Resources */,
			);
			runOnlyForDeploymentPostprocessing = 0;
		};
/* End PBXResourcesBuildPhase section */

/* Begin PBXSourcesBuildPhase section */
		84DF36392A9C9312001EA80B /* Sources */ = {
			isa = PBXSourcesBuildPhase;
			buildActionMask = 2147483647;
			files = (
				84DF366F2AA08A99001EA80B /* FavoritesView.swift in Sources */,
				84DF36662A9FB877001EA80B /* Planets.swift in Sources */,
				84DF36512A9C93E7001EA80B /* Character.swift in Sources */,
				84DF36682AA08573001EA80B /* PickerView.swift in Sources */,
				84DF36602A9D3184001EA80B /* HomeViewModel.swift in Sources */,
				84DF36762AA08DAC001EA80B /* RealmManager.swift in Sources */,
				84DF36622A9F51F5001EA80B /* PickerSelection.swift in Sources */,
				84DF36732AA08AED001EA80B /* Favorite.swift in Sources */,
				84DF36432A9C9312001EA80B /* ContentView.swift in Sources */,
				84DF36642A9F52FC001EA80B /* SpaceShip.swift in Sources */,
				84DF365B2A9CFD29001EA80B /* Home.swift in Sources */,
				84DF36412A9C9312001EA80B /* SWapiMontekristApp.swift in Sources */,
				84DF367B2AA50EF9001EA80B /* FavoritesViewModel.swift in Sources */,
			);
			runOnlyForDeploymentPostprocessing = 0;
		};
/* End PBXSourcesBuildPhase section */

/* Begin XCBuildConfiguration section */
		84DF36492A9C9314001EA80B /* Debug */ = {
			isa = XCBuildConfiguration;
			buildSettings = {
				ALWAYS_SEARCH_USER_PATHS = NO;
				CLANG_ANALYZER_NONNULL = YES;
				CLANG_ANALYZER_NUMBER_OBJECT_CONVERSION = YES_AGGRESSIVE;
				CLANG_CXX_LANGUAGE_STANDARD = "gnu++20";
				CLANG_ENABLE_MODULES = YES;
				CLANG_ENABLE_OBJC_ARC = YES;
				CLANG_ENABLE_OBJC_WEAK = YES;
				CLANG_WARN_BLOCK_CAPTURE_AUTORELEASING = YES;
				CLANG_WARN_BOOL_CONVERSION = YES;
				CLANG_WARN_COMMA = YES;
				CLANG_WARN_CONSTANT_CONVERSION = YES;
				CLANG_WARN_DEPRECATED_OBJC_IMPLEMENTATIONS = YES;
				CLANG_WARN_DIRECT_OBJC_ISA_USAGE = YES_ERROR;
				CLANG_WARN_DOCUMENTATION_COMMENTS = YES;
				CLANG_WARN_EMPTY_BODY = YES;
				CLANG_WARN_ENUM_CONVERSION = YES;
				CLANG_WARN_INFINITE_RECURSION = YES;
				CLANG_WARN_INT_CONVERSION = YES;
				CLANG_WARN_NON_LITERAL_NULL_CONVERSION = YES;
				CLANG_WARN_OBJC_IMPLICIT_RETAIN_SELF = YES;
				CLANG_WARN_OBJC_LITERAL_CONVERSION = YES;
				CLANG_WARN_OBJC_ROOT_CLASS = YES_ERROR;
				CLANG_WARN_QUOTED_INCLUDE_IN_FRAMEWORK_HEADER = YES;
				CLANG_WARN_RANGE_LOOP_ANALYSIS = YES;
				CLANG_WARN_STRICT_PROTOTYPES = YES;
				CLANG_WARN_SUSPICIOUS_MOVE = YES;
				CLANG_WARN_UNGUARDED_AVAILABILITY = YES_AGGRESSIVE;
				CLANG_WARN_UNREACHABLE_CODE = YES;
				CLANG_WARN__DUPLICATE_METHOD_MATCH = YES;
				COPY_PHASE_STRIP = NO;
				DEBUG_INFORMATION_FORMAT = dwarf;
				ENABLE_STRICT_OBJC_MSGSEND = YES;
				ENABLE_TESTABILITY = YES;
				GCC_C_LANGUAGE_STANDARD = gnu11;
				GCC_DYNAMIC_NO_PIC = NO;
				GCC_NO_COMMON_BLOCKS = YES;
				GCC_OPTIMIZATION_LEVEL = 0;
				GCC_PREPROCESSOR_DEFINITIONS = (
					"DEBUG=1",
					"$(inherited)",
				);
				GCC_WARN_64_TO_32_BIT_CONVERSION = YES;
				GCC_WARN_ABOUT_RETURN_TYPE = YES_ERROR;
				GCC_WARN_UNDECLARED_SELECTOR = YES;
				GCC_WARN_UNINITIALIZED_AUTOS = YES_AGGRESSIVE;
				GCC_WARN_UNUSED_FUNCTION = YES;
				GCC_WARN_UNUSED_VARIABLE = YES;
				IPHONEOS_DEPLOYMENT_TARGET = 16.4;
				MTL_ENABLE_DEBUG_INFO = INCLUDE_SOURCE;
				MTL_FAST_MATH = YES;
				ONLY_ACTIVE_ARCH = YES;
				SDKROOT = iphoneos;
				SWIFT_ACTIVE_COMPILATION_CONDITIONS = DEBUG;
				SWIFT_OPTIMIZATION_LEVEL = "-Onone";
			};
			name = Debug;
		};
		84DF364A2A9C9314001EA80B /* Release */ = {
			isa = XCBuildConfiguration;
			buildSettings = {
				ALWAYS_SEARCH_USER_PATHS = NO;
				CLANG_ANALYZER_NONNULL = YES;
				CLANG_ANALYZER_NUMBER_OBJECT_CONVERSION = YES_AGGRESSIVE;
				CLANG_CXX_LANGUAGE_STANDARD = "gnu++20";
				CLANG_ENABLE_MODULES = YES;
				CLANG_ENABLE_OBJC_ARC = YES;
				CLANG_ENABLE_OBJC_WEAK = YES;
				CLANG_WARN_BLOCK_CAPTURE_AUTORELEASING = YES;
				CLANG_WARN_BOOL_CONVERSION = YES;
				CLANG_WARN_COMMA = YES;
				CLANG_WARN_CONSTANT_CONVERSION = YES;
				CLANG_WARN_DEPRECATED_OBJC_IMPLEMENTATIONS = YES;
				CLANG_WARN_DIRECT_OBJC_ISA_USAGE = YES_ERROR;
				CLANG_WARN_DOCUMENTATION_COMMENTS = YES;
				CLANG_WARN_EMPTY_BODY = YES;
				CLANG_WARN_ENUM_CONVERSION = YES;
				CLANG_WARN_INFINITE_RECURSION = YES;
				CLANG_WARN_INT_CONVERSION = YES;
				CLANG_WARN_NON_LITERAL_NULL_CONVERSION = YES;
				CLANG_WARN_OBJC_IMPLICIT_RETAIN_SELF = YES;
				CLANG_WARN_OBJC_LITERAL_CONVERSION = YES;
				CLANG_WARN_OBJC_ROOT_CLASS = YES_ERROR;
				CLANG_WARN_QUOTED_INCLUDE_IN_FRAMEWORK_HEADER = YES;
				CLANG_WARN_RANGE_LOOP_ANALYSIS = YES;
				CLANG_WARN_STRICT_PROTOTYPES = YES;
				CLANG_WARN_SUSPICIOUS_MOVE = YES;
				CLANG_WARN_UNGUARDED_AVAILABILITY = YES_AGGRESSIVE;
				CLANG_WARN_UNREACHABLE_CODE = YES;
				CLANG_WARN__DUPLICATE_METHOD_MATCH = YES;
				COPY_PHASE_STRIP = NO;
				DEBUG_INFORMATION_FORMAT = "dwarf-with-dsym";
				ENABLE_NS_ASSERTIONS = NO;
				ENABLE_STRICT_OBJC_MSGSEND = YES;
				GCC_C_LANGUAGE_STANDARD = gnu11;
				GCC_NO_COMMON_BLOCKS = YES;
				GCC_WARN_64_TO_32_BIT_CONVERSION = YES;
				GCC_WARN_ABOUT_RETURN_TYPE = YES_ERROR;
				GCC_WARN_UNDECLARED_SELECTOR = YES;
				GCC_WARN_UNINITIALIZED_AUTOS = YES_AGGRESSIVE;
				GCC_WARN_UNUSED_FUNCTION = YES;
				GCC_WARN_UNUSED_VARIABLE = YES;
				IPHONEOS_DEPLOYMENT_TARGET = 16.4;
				MTL_ENABLE_DEBUG_INFO = NO;
				MTL_FAST_MATH = YES;
				SDKROOT = iphoneos;
				SWIFT_COMPILATION_MODE = wholemodule;
				SWIFT_OPTIMIZATION_LEVEL = "-O";
				VALIDATE_PRODUCT = YES;
			};
			name = Release;
		};
		84DF364C2A9C9314001EA80B /* Debug */ = {
			isa = XCBuildConfiguration;
			buildSettings = {
				ASSETCATALOG_COMPILER_APPICON_NAME = AppIcon;
				ASSETCATALOG_COMPILER_GLOBAL_ACCENT_COLOR_NAME = AccentColor;
				CODE_SIGN_STYLE = Automatic;
				CURRENT_PROJECT_VERSION = 1;
				DEVELOPMENT_ASSET_PATHS = "\"SWapiMontekrist/Preview Content\"";
				DEVELOPMENT_TEAM = 9PS527BMRT;
				ENABLE_PREVIEWS = YES;
				GENERATE_INFOPLIST_FILE = YES;
				INFOPLIST_KEY_UIApplicationSceneManifest_Generation = YES;
				INFOPLIST_KEY_UIApplicationSupportsIndirectInputEvents = YES;
				INFOPLIST_KEY_UILaunchScreen_Generation = YES;
				INFOPLIST_KEY_UISupportedInterfaceOrientations_iPad = "UIInterfaceOrientationPortrait UIInterfaceOrientationPortraitUpsideDown UIInterfaceOrientationLandscapeLeft UIInterfaceOrientationLandscapeRight";
				INFOPLIST_KEY_UISupportedInterfaceOrientations_iPhone = "UIInterfaceOrientationPortrait UIInterfaceOrientationLandscapeLeft UIInterfaceOrientationLandscapeRight";
				LD_RUNPATH_SEARCH_PATHS = (
					"$(inherited)",
					"@executable_path/Frameworks",
				);
				MARKETING_VERSION = 1.0;
				PRODUCT_BUNDLE_IDENTIFIER = Chokaaaa.SWapiMontekrist;
				PRODUCT_NAME = "$(TARGET_NAME)";
				SWIFT_EMIT_LOC_STRINGS = YES;
				SWIFT_VERSION = 5.0;
				TARGETED_DEVICE_FAMILY = "1,2";
			};
			name = Debug;
		};
		84DF364D2A9C9314001EA80B /* Release */ = {
			isa = XCBuildConfiguration;
			buildSettings = {
				ASSETCATALOG_COMPILER_APPICON_NAME = AppIcon;
				ASSETCATALOG_COMPILER_GLOBAL_ACCENT_COLOR_NAME = AccentColor;
				CODE_SIGN_STYLE = Automatic;
				CURRENT_PROJECT_VERSION = 1;
				DEVELOPMENT_ASSET_PATHS = "\"SWapiMontekrist/Preview Content\"";
				DEVELOPMENT_TEAM = 9PS527BMRT;
				ENABLE_PREVIEWS = YES;
				GENERATE_INFOPLIST_FILE = YES;
				INFOPLIST_KEY_UIApplicationSceneManifest_Generation = YES;
				INFOPLIST_KEY_UIApplicationSupportsIndirectInputEvents = YES;
				INFOPLIST_KEY_UILaunchScreen_Generation = YES;
				INFOPLIST_KEY_UISupportedInterfaceOrientations_iPad = "UIInterfaceOrientationPortrait UIInterfaceOrientationPortraitUpsideDown UIInterfaceOrientationLandscapeLeft UIInterfaceOrientationLandscapeRight";
				INFOPLIST_KEY_UISupportedInterfaceOrientations_iPhone = "UIInterfaceOrientationPortrait UIInterfaceOrientationLandscapeLeft UIInterfaceOrientationLandscapeRight";
				LD_RUNPATH_SEARCH_PATHS = (
					"$(inherited)",
					"@executable_path/Frameworks",
				);
				MARKETING_VERSION = 1.0;
				PRODUCT_BUNDLE_IDENTIFIER = Chokaaaa.SWapiMontekrist;
				PRODUCT_NAME = "$(TARGET_NAME)";
				SWIFT_EMIT_LOC_STRINGS = YES;
				SWIFT_VERSION = 5.0;
				TARGETED_DEVICE_FAMILY = "1,2";
			};
			name = Release;
		};
/* End XCBuildConfiguration section */

/* Begin XCConfigurationList section */
		84DF36382A9C9312001EA80B /* Build configuration list for PBXProject "SWapiMontekrist" */ = {
			isa = XCConfigurationList;
			buildConfigurations = (
				84DF36492A9C9314001EA80B /* Debug */,
				84DF364A2A9C9314001EA80B /* Release */,
			);
			defaultConfigurationIsVisible = 0;
			defaultConfigurationName = Release;
		};
		84DF364B2A9C9314001EA80B /* Build configuration list for PBXNativeTarget "SWapiMontekrist" */ = {
			isa = XCConfigurationList;
			buildConfigurations = (
				84DF364C2A9C9314001EA80B /* Debug */,
				84DF364D2A9C9314001EA80B /* Release */,
			);
			defaultConfigurationIsVisible = 0;
			defaultConfigurationName = Release;
		};
/* End XCConfigurationList section */

/* Begin XCRemoteSwiftPackageReference section */
		84DF36692AA089C4001EA80B /* XCRemoteSwiftPackageReference "realm-swift" */ = {
			isa = XCRemoteSwiftPackageReference;
			repositoryURL = "https://github.com/realm/realm-swift.git";
			requirement = {
				branch = master;
				kind = branch;
			};
		};
/* End XCRemoteSwiftPackageReference section */

/* Begin XCSwiftPackageProductDependency section */
		84DF366A2AA089C4001EA80B /* Realm */ = {
			isa = XCSwiftPackageProductDependency;
			package = 84DF36692AA089C4001EA80B /* XCRemoteSwiftPackageReference "realm-swift" */;
			productName = Realm;
		};
		84DF366C2AA089C4001EA80B /* RealmSwift */ = {
			isa = XCSwiftPackageProductDependency;
			package = 84DF36692AA089C4001EA80B /* XCRemoteSwiftPackageReference "realm-swift" */;
			productName = RealmSwift;
		};
/* End XCSwiftPackageProductDependency section */
	};
	rootObject = 84DF36352A9C9312001EA80B /* Project object */;
}
